
Microsoft Visual Studio Solution File, Format Version 12.00
# Visual Studio 15
VisualStudioVersion = 15.0.28307.489
MinimumVisualStudioVersion = 10.0.40219.1
Project("{FAE04EC0-301F-11D3-BF4B-00C04F79EFBC}") = "FinnishBBANConverter", "FinnishBBANConverter\FinnishBBANConverter.csproj", "{3EE9BAA4-04EE-421B-A712-10574DA1194A}"
EndProject
Global
	GlobalSection(SolutionConfigurationPlatforms) = preSolution
		Debug|Any CPU = Debug|Any CPU
		Release|Any CPU = Release|Any CPU
	EndGlobalSection
	GlobalSection(ProjectConfigurationPlatforms) = postSolution
		{3EE9BAA4-04EE-421B-A712-10574DA1194A}.Debug|Any CPU.ActiveCfg = Debug|Any CPU
		{3EE9BAA4-04EE-421B-A712-10574DA1194A}.Debug|Any CPU.Build.0 = Debug|Any CPU
		{3EE9BAA4-04EE-421B-A712-10574DA1194A}.Release|Any CPU.ActiveCfg = Release|Any CPU
		{3EE9BAA4-04EE-421B-A712-10574DA1194A}.Release|Any CPU.Build.0 = Release|Any CPU
	EndGlobalSection
	GlobalSection(SolutionProperties) = preSolution
		HideSolutionNode = FALSE
	EndGlobalSection
	GlobalSection(ExtensibilityGlobals) = postSolution
		SolutionGuid = {C8CBF635-DB93-48EC-82E6-3A069BC14A75}
	EndGlobalSection
EndGlobal
